
Microsoft Visual Studio Solution File, Format Version 12.00
# Visual Studio Version 16
VisualStudioVersion = 25.0.1706.12
MinimumVisualStudioVersion = 10.0.40219.1
Project("{FAE04EC0-301F-11D3-BF4B-00C04F79EFBC}") = "WebApplication1", "WebApplication1\WebApplication1.csproj", "{51498B94-9F9F-48F8-AF38-8C2572F56794}"
EndProject
Global
	GlobalSection(SolutionConfigurationPlatforms) = preSolution
		Debug|Any CPU = Debug|Any CPU
		Release|Any CPU = Release|Any CPU
	EndGlobalSection
	GlobalSection(ProjectConfigurationPlatforms) = postSolution
		{51498B94-9F9F-48F8-AF38-8C2572F56794}.Debug|Any CPU.ActiveCfg = Debug|Any CPU
		{51498B94-9F9F-48F8-AF38-8C2572F56794}.Debug|Any CPU.Build.0 = Debug|Any CPU
		{51498B94-9F9F-48F8-AF38-8C2572F56794}.Release|Any CPU.ActiveCfg = Release|Any CPU
		{51498B94-9F9F-48F8-AF38-8C2572F56794}.Release|Any CPU.Build.0 = Release|Any CPU
	EndGlobalSection
	GlobalSection(SolutionProperties) = preSolution
		HideSolutionNode = FALSE
	EndGlobalSection
	GlobalSection(ExtensibilityGlobals) = postSolution
		SolutionGuid = {6AF9E66B-31DE-451B-9ED9-D1F4A5B6A147}
	EndGlobalSection
EndGlobal
